<?xml version="1.0" encoding="utf-8"?>
<Project ToolsVersion="4.0" xmlns="http://schemas.microsoft.com/developer/msbuild/2003">
  <ItemGroup>
    <Filter Include="Source Files">
      <UniqueIdentifier>{4FC737F1-C7A5-4376-A066-2A32D752A2FF}</UniqueIdentifier>
      <Extensions>cpp;c;cc;cxx;def;odl;idl;hpj;bat;asm;asmx</Extensions>
    </Filter>
    <Filter Include="Header Files">
      <UniqueIdentifier>{93995380-89BD-4b04-88EB-625FBE52EBFB}</UniqueIdentifier>
      <Extensions>h;hh;hpp;hxx;hm;inl;inc;xsd</Extensions>
    </Filter>
    <Filter Include="Resource Files">
      <UniqueIdentifier>{67DA6AB6-F800-4c08-8B7A-83BB121AAD01}</UniqueIdentifier>
      <Extensions>rc;ico;cur;bmp;dlg;rc2;rct;bin;rgs;gif;jpg;jpeg;jpe;resx;tiff;tif;png;wav;mfcribbon-ms</Extensions>
    </Filter>
    <Filter Include="ZorkLib">
      <UniqueIdentifier>{0e1191c5-e501-4281-a715-e01e564845d4}</UniqueIdentifier>
      <Extensions>
      </Extensions>
    </Filter>
    <Filter Include="ZorkLib\Include">
      <UniqueIdentifier>{d24bd64c-f9ec-4c13-81cd-21ead1112492}</UniqueIdentifier>
      <Extensions>*.h</Extensions>
    </Filter>
    <Filter Include="ZorkLib\Source">
      <UniqueIdentifier>{7246b853-e42e-4015-a398-d8c08c720f27}</UniqueIdentifier>
    </Filter>
  </ItemGroup>
  <ItemGroup>
    <Text Include="ReadMe.txt" />
  </ItemGroup>
  <ItemGroup>
    <ClInclude Include="stdafx.h">
      <Filter>Header Files</Filter>
    </ClInclude>
    <ClInclude Include="targetver.h">
      <Filter>Header Files</Filter>
    </ClInclude>
    <ClInclude Include="..\..\ZorkLib\Include\Zork\AddressSpace.h">
      <Filter>ZorkLib\Include</Filter>
    </ClInclude>
    <ClInclude Include="..\..\ZorkLib\Include\Zork\CoreTypes.h">
      <Filter>ZorkLib\Include</Filter>
    </ClInclude>
    <ClInclude Include="..\..\ZorkLib\Include\Zork\Story.h">
      <Filter>ZorkLib\Include</Filter>
    </ClInclude>
  </ItemGroup>
  <ItemGroup>
    <ClCompile Include="stdafx.cpp">
      <Filter>Source Files</Filter>
    </ClCompile>
    <ClCompile Include="ZorkConsole.cpp">
      <Filter>Source Files</Filter>
    </ClCompile>
    <ClCompile Include="..\..\ZorkLib\Source\AddressSpace.cpp">
      <Filter>ZorkLib\Source</Filter>
    </ClCompile>
    <ClCompile Include="..\..\ZorkLib\Source\Story.cpp">
      <Filter>ZorkLib\Source</Filter>
    </ClCompile>
  </ItemGroup>
</Project>